// !$*UTF8*$!
{
	archiveVersion = 1;
	classes = {
	};
	objectVersion = 50;
	objects = {

/* Begin PBXBuildFile section */
		2594A9F82614BA8800FEA0F0 /* Deepfake_detectorApp.swift in Sources */ = {isa = PBXBuildFile; fileRef = 2594A9F72614BA8800FEA0F0 /* Deepfake_detectorApp.swift */; };
		2594A9FA2614BA8800FEA0F0 /* ContentView.swift in Sources */ = {isa = PBXBuildFile; fileRef = 2594A9F92614BA8800FEA0F0 /* ContentView.swift */; };
		2594A9FC2614BA8C00FEA0F0 /* Assets.xcassets in Resources */ = {isa = PBXBuildFile; fileRef = 2594A9FB2614BA8C00FEA0F0 /* Assets.xcassets */; };
		2594A9FF2614BA8C00FEA0F0 /* Preview Assets.xcassets in Resources */ = {isa = PBXBuildFile; fileRef = 2594A9FE2614BA8C00FEA0F0 /* Preview Assets.xcassets */; };
		9FDB5825D211F37CAC3BDD21 /* Pods_Deepfake_detector.framework in Frameworks */ = {isa = PBXBuildFile; fileRef = 824AC45D0F76E24C52A2636B /* Pods_Deepfake_detector.framework */; };
/* End PBXBuildFile section */

/* Begin PBXFileReference section */
		2594A9F42614BA8800FEA0F0 /* Deepfake detector.app */ = {isa = PBXFileReference; explicitFileType = wrapper.application; includeInIndex = 0; path = "Deepfake detector.app"; sourceTree = BUILT_PRODUCTS_DIR; };
		2594A9F72614BA8800FEA0F0 /* Deepfake_detectorApp.swift */ = {isa = PBXFileReference; lastKnownFileType = sourcecode.swift; path = Deepfake_detectorApp.swift; sourceTree = "<group>"; };
		2594A9F92614BA8800FEA0F0 /* ContentView.swift */ = {isa = PBXFileReference; lastKnownFileType = sourcecode.swift; path = ContentView.swift; sourceTree = "<group>"; };
		2594A9FB2614BA8C00FEA0F0 /* Assets.xcassets */ = {isa = PBXFileReference; lastKnownFileType = folder.assetcatalog; path = Assets.xcassets; sourceTree = "<group>"; };
		2594A9FE2614BA8C00FEA0F0 /* Preview Assets.xcassets */ = {isa = PBXFileReference; lastKnownFileType = folder.assetcatalog; path = "Preview Assets.xcassets"; sourceTree = "<group>"; };
		2594AA002614BA8C00FEA0F0 /* Info.plist */ = {isa = PBXFileReference; lastKnownFileType = text.plist.xml; path = Info.plist; sourceTree = "<group>"; };
		824AC45D0F76E24C52A2636B /* Pods_Deepfake_detector.framework */ = {isa = PBXFileReference; explicitFileType = wrapper.framework; includeInIndex = 0; path = Pods_Deepfake_detector.framework; sourceTree = BUILT_PRODUCTS_DIR; };
		A1B6253C047DBD007B03E704 /* Pods-Deepfake detector.debug.xcconfig */ = {isa = PBXFileReference; includeInIndex = 1; lastKnownFileType = text.xcconfig; name = "Pods-Deepfake detector.debug.xcconfig"; path = "Target Support Files/Pods-Deepfake detector/Pods-Deepfake detector.debug.xcconfig"; sourceTree = "<group>"; };
		AECCC3B808025FF2E6FD4D71 /* Pods-Deepfake detector.release.xcconfig */ = {isa = PBXFileReference; includeInIndex = 1; lastKnownFileType = text.xcconfig; name = "Pods-Deepfake detector.release.xcconfig"; path = "Target Support Files/Pods-Deepfake detector/Pods-Deepfake detector.release.xcconfig"; sourceTree = "<group>"; };
/* End PBXFileReference section */

/* Begin PBXFrameworksBuildPhase section */
		2594A9F12614BA8800FEA0F0 /* Frameworks */ = {
			isa = PBXFrameworksBuildPhase;
			buildActionMask = 2147483647;
			files = (
				9FDB5825D211F37CAC3BDD21 /* Pods_Deepfake_detector.framework in Frameworks */,
			);
			runOnlyForDeploymentPostprocessing = 0;
		};
/* End PBXFrameworksBuildPhase section */

/* Begin PBXGroup section */
		2594A9EB2614BA8800FEA0F0 = {
			isa = PBXGroup;
			children = (
				2594A9F62614BA8800FEA0F0 /* Deepfake detector */,
				2594A9F52614BA8800FEA0F0 /* Products */,
				DF2CF84D7C8ABA56CC09ED9F /* Pods */,
				9BA3796390A0D534695783D4 /* Frameworks */,
			);
			sourceTree = "<group>";
		};
		2594A9F52614BA8800FEA0F0 /* Products */ = {
			isa = PBXGroup;
			children = (
				2594A9F42614BA8800FEA0F0 /* Deepfake detector.app */,
			);
			name = Products;
			sourceTree = "<group>";
		};
		2594A9F62614BA8800FEA0F0 /* Deepfake detector */ = {
			isa = PBXGroup;
			children = (
				2594A9F72614BA8800FEA0F0 /* Deepfake_detectorApp.swift */,
				2594A9F92614BA8800FEA0F0 /* ContentView.swift */,
				2594A9FB2614BA8C00FEA0F0 /* Assets.xcassets */,
				2594AA002614BA8C00FEA0F0 /* Info.plist */,
				2594A9FD2614BA8C00FEA0F0 /* Preview Content */,
			);
			path = "Deepfake detector";
			sourceTree = "<group>";
		};
		2594A9FD2614BA8C00FEA0F0 /* Preview Content */ = {
			isa = PBXGroup;
			children = (
				2594A9FE2614BA8C00FEA0F0 /* Preview Assets.xcassets */,
			);
			path = "Preview Content";
			sourceTree = "<group>";
		};
		9BA3796390A0D534695783D4 /* Frameworks */ = {
			isa = PBXGroup;
			children = (
				824AC45D0F76E24C52A2636B /* Pods_Deepfake_detector.framework */,
			);
			name = Frameworks;
			sourceTree = "<group>";
		};
		DF2CF84D7C8ABA56CC09ED9F /* Pods */ = {
			isa = PBXGroup;
			children = (
				A1B6253C047DBD007B03E704 /* Pods-Deepfake detector.debug.xcconfig */,
				AECCC3B808025FF2E6FD4D71 /* Pods-Deepfake detector.release.xcconfig */,
			);
			name = Pods;
			path = Pods;
			sourceTree = "<group>";
		};
/* End PBXGroup section */

/* Begin PBXNativeTarget section */
		2594A9F32614BA8800FEA0F0 /* Deepfake detector */ = {
			isa = PBXNativeTarget;
			buildConfigurationList = 2594AA032614BA8C00FEA0F0 /* Build configuration list for PBXNativeTarget "Deepfake detector" */;
			buildPhases = (
				61A8E99882FA14D206D6DBC5 /* [CP] Check Pods Manifest.lock */,
				2594A9F02614BA8800FEA0F0 /* Sources */,
				2594A9F12614BA8800FEA0F0 /* Frameworks */,
				2594A9F22614BA8800FEA0F0 /* Resources */,
			);
			buildRules = (
			);
			dependencies = (
			);
			name = "Deepfake detector";
			productName = "Deepfake detector";
			productReference = 2594A9F42614BA8800FEA0F0 /* Deepfake detector.app */;
			productType = "com.apple.product-type.application";
		};
/* End PBXNativeTarget section */

/* Begin PBXProject section */
		2594A9EC2614BA8800FEA0F0 /* Project object */ = {
			isa = PBXProject;
			attributes = {
				LastSwiftUpdateCheck = 1220;
				LastUpgradeCheck = 1220;
				TargetAttributes = {
					2594A9F32614BA8800FEA0F0 = {
						CreatedOnToolsVersion = 12.2;
					};
				};
			};
			buildConfigurationList = 2594A9EF2614BA8800FEA0F0 /* Build configuration list for PBXProject "Deepfake detector" */;
			compatibilityVersion = "Xcode 9.3";
			developmentRegion = en;
			hasScannedForEncodings = 0;
			knownRegions = (
				en,
				Base,
			);
			mainGroup = 2594A9EB2614BA8800FEA0F0;
			productRefGroup = 2594A9F52614BA8800FEA0F0 /* Products */;
			projectDirPath = "";
			projectRoot = "";
			targets = (
				2594A9F32614BA8800FEA0F0 /* Deepfake detector */,
			);
		};
/* End PBXProject section */

/* Begin PBXResourcesBuildPhase section */
		2594A9F22614BA8800FEA0F0 /* Resources */ = {
			isa = PBXResourcesBuildPhase;
			buildActionMask = 2147483647;
			files = (
				2594A9FF2614BA8C00FEA0F0 /* Preview Assets.xcassets in Resources */,
				2594A9FC2614BA8C00FEA0F0 /* Assets.xcassets in Resources */,
			);
			runOnlyForDeploymentPostprocessing = 0;
		};
/* End PBXResourcesBuildPhase section */

/* Begin PBXShellScriptBuildPhase section */
		61A8E99882FA14D206D6DBC5 /* [CP] Check Pods Manifest.lock */ = {
			isa = PBXShellScriptBuildPhase;
			buildActionMask = 2147483647;
			files = (
			);
			inputFileListPaths = (
			);
			inputPaths = (
				"${PODS_PODFILE_DIR_PATH}/Podfile.lock",
				"${PODS_ROOT}/Manifest.lock",
			);
			name = "[CP] Check Pods Manifest.lock";
			outputFileListPaths = (
			);
			outputPaths = (
				"$(DERIVED_FILE_DIR)/Pods-Deepfake detector-checkManifestLockResult.txt",
			);
			runOnlyForDeploymentPostprocessing = 0;
			shellPath = /bin/sh;
			shellScript = "diff \"${PODS_PODFILE_DIR_PATH}/Podfile.lock\" \"${PODS_ROOT}/Manifest.lock\" > /dev/null\nif [ $? != 0 ] ; then\n    # print error to STDERR\n    echo \"error: The sandbox is not in sync with the Podfile.lock. Run 'pod install' or update your CocoaPods installation.\" >&2\n    exit 1\nfi\n# This output is used by Xcode 'outputs' to avoid re-running this script phase.\necho \"SUCCESS\" > \"${SCRIPT_OUTPUT_FILE_0}\"\n";
			showEnvVarsInLog = 0;
		};
/* End PBXShellScriptBuildPhase section */

/* Begin PBXSourcesBuildPhase section */
		2594A9F02614BA8800FEA0F0 /* Sources */ = {
			isa = PBXSourcesBuildPhase;
			buildActionMask = 2147483647;
			files = (
				2594A9FA2614BA8800FEA0F0 /* ContentView.swift in Sources */,
				2594A9F82614BA8800FEA0F0 /* Deepfake_detectorApp.swift in Sources */,
			);
			runOnlyForDeploymentPostprocessing = 0;
		};
/* End PBXSourcesBuildPhase section */

/* Begin XCBuildConfiguration section */
		2594AA012614BA8C00FEA0F0 /* Debug */ = {
			isa = XCBuildConfiguration;
			buildSettings = {
				ALWAYS_SEARCH_USER_PATHS = NO;
				CLANG_ANALYZER_NONNULL = YES;
				CLANG_ANALYZER_NUMBER_OBJECT_CONVERSION = YES_AGGRESSIVE;
				CLANG_CXX_LANGUAGE_STANDARD = "gnu++14";
				CLANG_CXX_LIBRARY = "libc++";
				CLANG_ENABLE_MODULES = YES;
				CLANG_ENABLE_OBJC_ARC = YES;
				CLANG_ENABLE_OBJC_WEAK = YES;
				CLANG_WARN_BLOCK_CAPTURE_AUTORELEASING = YES;
				CLANG_WARN_BOOL_CONVERSION = YES;
				CLANG_WARN_COMMA = YES;
				CLANG_WARN_CONSTANT_CONVERSION = YES;
				CLANG_WARN_DEPRECATED_OBJC_IMPLEMENTATIONS = YES;
				CLANG_WARN_DIRECT_OBJC_ISA_USAGE = YES_ERROR;
				CLANG_WARN_DOCUMENTATION_COMMENTS = YES;
				CLANG_WARN_EMPTY_BODY = YES;
				CLANG_WARN_ENUM_CONVERSION = YES;
				CLANG_WARN_INFINITE_RECURSION = YES;
				CLANG_WARN_INT_CONVERSION = YES;
				CLANG_WARN_NON_LITERAL_NULL_CONVERSION = YES;
				CLANG_WARN_OBJC_IMPLICIT_RETAIN_SELF = YES;
				CLANG_WARN_OBJC_LITERAL_CONVERSION = YES;
				CLANG_WARN_OBJC_ROOT_CLASS = YES_ERROR;
				CLANG_WARN_QUOTED_INCLUDE_IN_FRAMEWORK_HEADER = YES;
				CLANG_WARN_RANGE_LOOP_ANALYSIS = YES;
				CLANG_WARN_STRICT_PROTOTYPES = YES;
				CLANG_WARN_SUSPICIOUS_MOVE = YES;
				CLANG_WARN_UNGUARDED_AVAILABILITY = YES_AGGRESSIVE;
				CLANG_WARN_UNREACHABLE_CODE = YES;
				CLANG_WARN__DUPLICATE_METHOD_MATCH = YES;
				COPY_PHASE_STRIP = NO;
				DEBUG_INFORMATION_FORMAT = dwarf;
				ENABLE_STRICT_OBJC_MSGSEND = YES;
				ENABLE_TESTABILITY = YES;
				GCC_C_LANGUAGE_STANDARD = gnu11;
				GCC_DYNAMIC_NO_PIC = NO;
				GCC_NO_COMMON_BLOCKS = YES;
				GCC_OPTIMIZATION_LEVEL = 0;
				GCC_PREPROCESSOR_DEFINITIONS = (
					"DEBUG=1",
					"$(inherited)",
				);
				GCC_WARN_64_TO_32_BIT_CONVERSION = YES;
				GCC_WARN_ABOUT_RETURN_TYPE = YES_ERROR;
				GCC_WARN_UNDECLARED_SELECTOR = YES;
				GCC_WARN_UNINITIALIZED_AUTOS = YES_AGGRESSIVE;
				GCC_WARN_UNUSED_FUNCTION = YES;
				GCC_WARN_UNUSED_VARIABLE = YES;
				IPHONEOS_DEPLOYMENT_TARGET = 14.2;
				MTL_ENABLE_DEBUG_INFO = INCLUDE_SOURCE;
				MTL_FAST_MATH = YES;
				ONLY_ACTIVE_ARCH = YES;
				SDKROOT = iphoneos;
				SWIFT_ACTIVE_COMPILATION_CONDITIONS = DEBUG;
				SWIFT_OPTIMIZATION_LEVEL = "-Onone";
			};
			name = Debug;
		};
		2594AA022614BA8C00FEA0F0 /* Release */ = {
			isa = XCBuildConfiguration;
			buildSettings = {
				ALWAYS_SEARCH_USER_PATHS = NO;
				CLANG_ANALYZER_NONNULL = YES;
				CLANG_ANALYZER_NUMBER_OBJECT_CONVERSION = YES_AGGRESSIVE;
				CLANG_CXX_LANGUAGE_STANDARD = "gnu++14";
				CLANG_CXX_LIBRARY = "libc++";
				CLANG_ENABLE_MODULES = YES;
				CLANG_ENABLE_OBJC_ARC = YES;
				CLANG_ENABLE_OBJC_WEAK = YES;
				CLANG_WARN_BLOCK_CAPTURE_AUTORELEASING = YES;
				CLANG_WARN_BOOL_CONVERSION = YES;
				CLANG_WARN_COMMA = YES;
				CLANG_WARN_CONSTANT_CONVERSION = YES;
				CLANG_WARN_DEPRECATED_OBJC_IMPLEMENTATIONS = YES;
				CLANG_WARN_DIRECT_OBJC_ISA_USAGE = YES_ERROR;
				CLANG_WARN_DOCUMENTATION_COMMENTS = YES;
				CLANG_WARN_EMPTY_BODY = YES;
				CLANG_WARN_ENUM_CONVERSION = YES;
				CLANG_WARN_INFINITE_RECURSION = YES;
				CLANG_WARN_INT_CONVERSION = YES;
				CLANG_WARN_NON_LITERAL_NULL_CONVERSION = YES;
				CLANG_WARN_OBJC_IMPLICIT_RETAIN_SELF = YES;
				CLANG_WARN_OBJC_LITERAL_CONVERSION = YES;
				CLANG_WARN_OBJC_ROOT_CLASS = YES_ERROR;
				CLANG_WARN_QUOTED_INCLUDE_IN_FRAMEWORK_HEADER = YES;
				CLANG_WARN_RANGE_LOOP_ANALYSIS = YES;
				CLANG_WARN_STRICT_PROTOTYPES = YES;
				CLANG_WARN_SUSPICIOUS_MOVE = YES;
				CLANG_WARN_UNGUARDED_AVAILABILITY = YES_AGGRESSIVE;
				CLANG_WARN_UNREACHABLE_CODE = YES;
				CLANG_WARN__DUPLICATE_METHOD_MATCH = YES;
				COPY_PHASE_STRIP = NO;
				DEBUG_INFORMATION_FORMAT = "dwarf-with-dsym";
				ENABLE_NS_ASSERTIONS = NO;
				ENABLE_STRICT_OBJC_MSGSEND = YES;
				GCC_C_LANGUAGE_STANDARD = gnu11;
				GCC_NO_COMMON_BLOCKS = YES;
				GCC_WARN_64_TO_32_BIT_CONVERSION = YES;
				GCC_WARN_ABOUT_RETURN_TYPE = YES_ERROR;
				GCC_WARN_UNDECLARED_SELECTOR = YES;
				GCC_WARN_UNINITIALIZED_AUTOS = YES_AGGRESSIVE;
				GCC_WARN_UNUSED_FUNCTION = YES;
				GCC_WARN_UNUSED_VARIABLE = YES;
				IPHONEOS_DEPLOYMENT_TARGET = 14.2;
				MTL_ENABLE_DEBUG_INFO = NO;
				MTL_FAST_MATH = YES;
				SDKROOT = iphoneos;
				SWIFT_COMPILATION_MODE = wholemodule;
				SWIFT_OPTIMIZATION_LEVEL = "-O";
				VALIDATE_PRODUCT = YES;
			};
			name = Release;
		};
		2594AA042614BA8C00FEA0F0 /* Debug */ = {
			isa = XCBuildConfiguration;
			baseConfigurationReference = A1B6253C047DBD007B03E704 /* Pods-Deepfake detector.debug.xcconfig */;
			buildSettings = {
				ASSETCATALOG_COMPILER_APPICON_NAME = AppIcon;
				ASSETCATALOG_COMPILER_GLOBAL_ACCENT_COLOR_NAME = AccentColor;
				CODE_SIGN_STYLE = Automatic;
				DEVELOPMENT_ASSET_PATHS = "\"Deepfake detector/Preview Content\"";
				ENABLE_PREVIEWS = YES;
				INFOPLIST_FILE = "Deepfake detector/Info.plist";
				IPHONEOS_DEPLOYMENT_TARGET = 14.0;
				LD_RUNPATH_SEARCH_PATHS = (
					"$(inherited)",
					"@executable_path/Frameworks",
				);
				PRODUCT_BUNDLE_IDENTIFIER = "se.albert.Deepfake-detector";
				PRODUCT_NAME = "$(TARGET_NAME)";
				SWIFT_VERSION = 5.0;
				TARGETED_DEVICE_FAMILY = "1,2";
			};
			name = Debug;
		};
		2594AA052614BA8C00FEA0F0 /* Release */ = {
			isa = XCBuildConfiguration;
			baseConfigurationReference = AECCC3B808025FF2E6FD4D71 /* Pods-Deepfake detector.release.xcconfig */;
			buildSettings = {
				ASSETCATALOG_COMPILER_APPICON_NAME = AppIcon;
				ASSETCATALOG_COMPILER_GLOBAL_ACCENT_COLOR_NAME = AccentColor;
				CODE_SIGN_STYLE = Automatic;
				DEVELOPMENT_ASSET_PATHS = "\"Deepfake detector/Preview Content\"";
				ENABLE_PREVIEWS = YES;
				INFOPLIST_FILE = "Deepfake detector/Info.plist";
				IPHONEOS_DEPLOYMENT_TARGET = 14.0;
				LD_RUNPATH_SEARCH_PATHS = (
					"$(inherited)",
					"@executable_path/Frameworks",
				);
				PRODUCT_BUNDLE_IDENTIFIER = "se.albert.Deepfake-detector";
				PRODUCT_NAME = "$(TARGET_NAME)";
				SWIFT_VERSION = 5.0;
				TARGETED_DEVICE_FAMILY = "1,2";
			};
			name = Release;
		};
/* End XCBuildConfiguration section */

/* Begin XCConfigurationList section */
		2594A9EF2614BA8800FEA0F0 /* Build configuration list for PBXProject "Deepfake detector" */ = {
			isa = XCConfigurationList;
			buildConfigurations = (
				2594AA012614BA8C00FEA0F0 /* Debug */,
				2594AA022614BA8C00FEA0F0 /* Release */,
			);
			defaultConfigurationIsVisible = 0;
			defaultConfigurationName = Release;
		};
		2594AA032614BA8C00FEA0F0 /* Build configuration list for PBXNativeTarget "Deepfake detector" */ = {
			isa = XCConfigurationList;
			buildConfigurations = (
				2594AA042614BA8C00FEA0F0 /* Debug */,
				2594AA052614BA8C00FEA0F0 /* Release */,
			);
			defaultConfigurationIsVisible = 0;
			defaultConfigurationName = Release;
		};
/* End XCConfigurationList section */
	};
	rootObject = 2594A9EC2614BA8800FEA0F0 /* Project object */;
}
